
Microsoft Visual Studio Solution File, Format Version 12.00
# Visual Studio Version 17
VisualStudioVersion = 17.0.32002.185
MinimumVisualStudioVersion = 10.0.40219.1
Project("{FAE04EC0-301F-11D3-BF4B-00C04F79EFBC}") = "LearningHubMVC", "LearningHubMVC\LearningHubMVC.csproj", "{5AB17226-D5EF-46EF-9F98-24D6A1D746E7}"
EndProject
Global
	GlobalSection(SolutionConfigurationPlatforms) = preSolution
		Debug|Any CPU = Debug|Any CPU
		Release|Any CPU = Release|Any CPU
	EndGlobalSection
	GlobalSection(ProjectConfigurationPlatforms) = postSolution
		{5AB17226-D5EF-46EF-9F98-24D6A1D746E7}.Debug|Any CPU.ActiveCfg = Debug|Any CPU
		{5AB17226-D5EF-46EF-9F98-24D6A1D746E7}.Debug|Any CPU.Build.0 = Debug|Any CPU
		{5AB17226-D5EF-46EF-9F98-24D6A1D746E7}.Release|Any CPU.ActiveCfg = Release|Any CPU
		{5AB17226-D5EF-46EF-9F98-24D6A1D746E7}.Release|Any CPU.Build.0 = Release|Any CPU
	EndGlobalSection
	GlobalSection(SolutionProperties) = preSolution
		HideSolutionNode = FALSE
	EndGlobalSection
	GlobalSection(ExtensibilityGlobals) = postSolution
		SolutionGuid = {F2599640-2EB7-4695-B590-E9228F063875}
	EndGlobalSection
EndGlobal
